// !$*UTF8*$!
{
	archiveVersion = 1;
	classes = {
	};
	objectVersion = 46;
	objects = {

/* Begin PBXBuildFile section */
		9475A77228B69C6E003F90CF /* GSPromising.m in Sources */ = {isa = PBXBuildFile; fileRef = 9475A77028B69C6E003F90CF /* GSPromising.m */; };
		BC3E50611F5CDDC1002E40D6 /* main.m in Sources */ = {isa = PBXBuildFile; fileRef = BC3E50601F5CDDC1002E40D6 /* main.m */; };
		BC3E50641F5CDDC1002E40D6 /* AppDelegate.m in Sources */ = {isa = PBXBuildFile; fileRef = BC3E50631F5CDDC1002E40D6 /* AppDelegate.m */; };
		BC3E506A1F5CDDC2002E40D6 /* Main.storyboard in Resources */ = {isa = PBXBuildFile; fileRef = BC3E50681F5CDDC2002E40D6 /* Main.storyboard */; };
		BC3E506C1F5CDDC2002E40D6 /* Assets.xcassets in Resources */ = {isa = PBXBuildFile; fileRef = BC3E506B1F5CDDC2002E40D6 /* Assets.xcassets */; };
		BC3E506F1F5CDDC3002E40D6 /* LaunchScreen.storyboard in Resources */ = {isa = PBXBuildFile; fileRef = BC3E506D1F5CDDC3002E40D6 /* LaunchScreen.storyboard */; };
		BC3E507D1F5CDDE8002E40D6 /* TestManager.m in Sources */ = {isa = PBXBuildFile; fileRef = BC3E507A1F5CDDE8002E40D6 /* TestManager.m */; };
		BC3E507E1F5CDDE8002E40D6 /* ViewController.m in Sources */ = {isa = PBXBuildFile; fileRef = BC3E507C1F5CDDE8002E40D6 /* ViewController.m */; };
/* End PBXBuildFile section */

/* Begin PBXFileReference section */
		9475A77028B69C6E003F90CF /* GSPromising.m */ = {isa = PBXFileReference; fileEncoding = 4; lastKnownFileType = sourcecode.c.objc; path = GSPromising.m; sourceTree = "<group>"; };
		9475A77128B69C6E003F90CF /* GSPromising.h */ = {isa = PBXFileReference; fileEncoding = 4; lastKnownFileType = sourcecode.c.h; path = GSPromising.h; sourceTree = "<group>"; };
		9475A77428B69DD1003F90CF /* GSPromise.h */ = {isa = PBXFileReference; lastKnownFileType = sourcecode.c.h; path = GSPromise.h; sourceTree = "<group>"; };
		BC3E505C1F5CDDC1002E40D6 /* GSPromiseDev.app */ = {isa = PBXFileReference; explicitFileType = wrapper.application; includeInIndex = 0; path = GSPromiseDev.app; sourceTree = BUILT_PRODUCTS_DIR; };
		BC3E50601F5CDDC1002E40D6 /* main.m */ = {isa = PBXFileReference; lastKnownFileType = sourcecode.c.objc; path = main.m; sourceTree = "<group>"; };
		BC3E50621F5CDDC1002E40D6 /* AppDelegate.h */ = {isa = PBXFileReference; lastKnownFileType = sourcecode.c.h; path = AppDelegate.h; sourceTree = "<group>"; };
		BC3E50631F5CDDC1002E40D6 /* AppDelegate.m */ = {isa = PBXFileReference; lastKnownFileType = sourcecode.c.objc; path = AppDelegate.m; sourceTree = "<group>"; };
		BC3E50691F5CDDC2002E40D6 /* Base */ = {isa = PBXFileReference; lastKnownFileType = file.storyboard; name = Base; path = Base.lproj/Main.storyboard; sourceTree = "<group>"; };
		BC3E506B1F5CDDC2002E40D6 /* Assets.xcassets */ = {isa = PBXFileReference; lastKnownFileType = folder.assetcatalog; path = Assets.xcassets; sourceTree = "<group>"; };
		BC3E506E1F5CDDC3002E40D6 /* Base */ = {isa = PBXFileReference; lastKnownFileType = file.storyboard; name = Base; path = Base.lproj/LaunchScreen.storyboard; sourceTree = "<group>"; };
		BC3E50701F5CDDC3002E40D6 /* Info.plist */ = {isa = PBXFileReference; lastKnownFileType = text.plist.xml; path = Info.plist; sourceTree = "<group>"; };
		BC3E50791F5CDDE8002E40D6 /* TestManager.h */ = {isa = PBXFileReference; fileEncoding = 4; lastKnownFileType = sourcecode.c.h; path = TestManager.h; sourceTree = "<group>"; };
		BC3E507A1F5CDDE8002E40D6 /* TestManager.m */ = {isa = PBXFileReference; fileEncoding = 4; lastKnownFileType = sourcecode.c.objc; path = TestManager.m; sourceTree = "<group>"; };
		BC3E507B1F5CDDE8002E40D6 /* ViewController.h */ = {isa = PBXFileReference; fileEncoding = 4; lastKnownFileType = sourcecode.c.h; path = ViewController.h; sourceTree = "<group>"; };
		BC3E507C1F5CDDE8002E40D6 /* ViewController.m */ = {isa = PBXFileReference; fileEncoding = 4; lastKnownFileType = sourcecode.c.objc; path = ViewController.m; sourceTree = "<group>"; };
/* End PBXFileReference section */

/* Begin PBXFrameworksBuildPhase section */
		BC3E50591F5CDDC1002E40D6 /* Frameworks */ = {
			isa = PBXFrameworksBuildPhase;
			buildActionMask = 2147483647;
			files = (
			);
			runOnlyForDeploymentPostprocessing = 0;
		};
/* End PBXFrameworksBuildPhase section */

/* Begin PBXGroup section */
		9475A76E28B69C6E003F90CF /* GSPromise */ = {
			isa = PBXGroup;
			children = (
				9475A77428B69DD1003F90CF /* GSPromise.h */,
				9475A76F28B69C6E003F90CF /* sources */,
			);
			name = GSPromise;
			path = ../GSPromise;
			sourceTree = "<group>";
		};
		9475A76F28B69C6E003F90CF /* sources */ = {
			isa = PBXGroup;
			children = (
				9475A77128B69C6E003F90CF /* GSPromising.h */,
				9475A77028B69C6E003F90CF /* GSPromising.m */,
			);
			path = sources;
			sourceTree = "<group>";
		};
		BC3E50531F5CDDC0002E40D6 = {
			isa = PBXGroup;
			children = (
				9475A76E28B69C6E003F90CF /* GSPromise */,
				BC3E505E1F5CDDC1002E40D6 /* GSPromiseDev */,
				BC3E505D1F5CDDC1002E40D6 /* Products */,
			);
			sourceTree = "<group>";
		};
		BC3E505D1F5CDDC1002E40D6 /* Products */ = {
			isa = PBXGroup;
			children = (
				BC3E505C1F5CDDC1002E40D6 /* GSPromiseDev.app */,
			);
			name = Products;
			sourceTree = "<group>";
		};
		BC3E505E1F5CDDC1002E40D6 /* GSPromiseDev */ = {
			isa = PBXGroup;
			children = (
				BC3E50791F5CDDE8002E40D6 /* TestManager.h */,
				BC3E507A1F5CDDE8002E40D6 /* TestManager.m */,
				BC3E507B1F5CDDE8002E40D6 /* ViewController.h */,
				BC3E507C1F5CDDE8002E40D6 /* ViewController.m */,
				BC3E50621F5CDDC1002E40D6 /* AppDelegate.h */,
				BC3E50631F5CDDC1002E40D6 /* AppDelegate.m */,
				BC3E50681F5CDDC2002E40D6 /* Main.storyboard */,
				BC3E506B1F5CDDC2002E40D6 /* Assets.xcassets */,
				BC3E506D1F5CDDC3002E40D6 /* LaunchScreen.storyboard */,
				BC3E50701F5CDDC3002E40D6 /* Info.plist */,
				BC3E505F1F5CDDC1002E40D6 /* Supporting Files */,
			);
			path = GSPromiseDev;
			sourceTree = "<group>";
		};
		BC3E505F1F5CDDC1002E40D6 /* Supporting Files */ = {
			isa = PBXGroup;
			children = (
				BC3E50601F5CDDC1002E40D6 /* main.m */,
			);
			name = "Supporting Files";
			sourceTree = "<group>";
		};
/* End PBXGroup section */

/* Begin PBXNativeTarget section */
		BC3E505B1F5CDDC1002E40D6 /* GSPromiseDev */ = {
			isa = PBXNativeTarget;
			buildConfigurationList = BC3E50731F5CDDC3002E40D6 /* Build configuration list for PBXNativeTarget "GSPromiseDev" */;
			buildPhases = (
				BC3E50581F5CDDC1002E40D6 /* Sources */,
				BC3E50591F5CDDC1002E40D6 /* Frameworks */,
				BC3E505A1F5CDDC1002E40D6 /* Resources */,
			);
			buildRules = (
			);
			dependencies = (
			);
			name = GSPromiseDev;
			productName = TestGSPromise;
			productReference = BC3E505C1F5CDDC1002E40D6 /* GSPromiseDev.app */;
			productType = "com.apple.product-type.application";
		};
/* End PBXNativeTarget section */

/* Begin PBXProject section */
		BC3E50541F5CDDC1002E40D6 /* Project object */ = {
			isa = PBXProject;
			attributes = {
				CLASSPREFIX = GS;
				LastUpgradeCheck = 1340;
				ORGANIZATIONNAME = beforeold;
				TargetAttributes = {
					BC3E505B1F5CDDC1002E40D6 = {
						CreatedOnToolsVersion = 8.2.1;
						ProvisioningStyle = Automatic;
					};
				};
			};
			buildConfigurationList = BC3E50571F5CDDC1002E40D6 /* Build configuration list for PBXProject "GSPromiseDev" */;
			compatibilityVersion = "Xcode 3.2";
			developmentRegion = en;
			hasScannedForEncodings = 0;
			knownRegions = (
				en,
				Base,
			);
			mainGroup = BC3E50531F5CDDC0002E40D6;
			productRefGroup = BC3E505D1F5CDDC1002E40D6 /* Products */;
			projectDirPath = "";
			projectRoot = "";
			targets = (
				BC3E505B1F5CDDC1002E40D6 /* GSPromiseDev */,
			);
		};
/* End PBXProject section */

/* Begin PBXResourcesBuildPhase section */
		BC3E505A1F5CDDC1002E40D6 /* Resources */ = {
			isa = PBXResourcesBuildPhase;
			buildActionMask = 2147483647;
			files = (
				BC3E506F1F5CDDC3002E40D6 /* LaunchScreen.storyboard in Resources */,
				BC3E506C1F5CDDC2002E40D6 /* Assets.xcassets in Resources */,
				BC3E506A1F5CDDC2002E40D6 /* Main.storyboard in Resources */,
			);
			runOnlyForDeploymentPostprocessing = 0;
		};
/* End PBXResourcesBuildPhase section */

/* Begin PBXSourcesBuildPhase section */
		BC3E50581F5CDDC1002E40D6 /* Sources */ = {
			isa = PBXSourcesBuildPhase;
			buildActionMask = 2147483647;
			files = (
				BC3E50641F5CDDC1002E40D6 /* AppDelegate.m in Sources */,
				BC3E50611F5CDDC1002E40D6 /* main.m in Sources */,
				9475A77228B69C6E003F90CF /* GSPromising.m in Sources */,
				BC3E507D1F5CDDE8002E40D6 /* TestManager.m in Sources */,
				BC3E507E1F5CDDE8002E40D6 /* ViewController.m in Sources */,
			);
			runOnlyForDeploymentPostprocessing = 0;
		};
/* End PBXSourcesBuildPhase section */

/* Begin PBXVariantGroup section */
		BC3E50681F5CDDC2002E40D6 /* Main.storyboard */ = {
			isa = PBXVariantGroup;
			children = (
				BC3E50691F5CDDC2002E40D6 /* Base */,
			);
			name = Main.storyboard;
			sourceTree = "<group>";
		};
		BC3E506D1F5CDDC3002E40D6 /* LaunchScreen.storyboard */ = {
			isa = PBXVariantGroup;
			children = (
				BC3E506E1F5CDDC3002E40D6 /* Base */,
			);
			name = LaunchScreen.storyboard;
			sourceTree = "<group>";
		};
/* End PBXVariantGroup section */

/* Begin XCBuildConfiguration section */
		BC3E50711F5CDDC3002E40D6 /* Debug */ = {
			isa = XCBuildConfiguration;
			buildSettings = {
				ALWAYS_SEARCH_USER_PATHS = NO;
				CLANG_ANALYZER_NONNULL = YES;
				CLANG_CXX_LANGUAGE_STANDARD = "gnu++0x";
				CLANG_CXX_LIBRARY = "libc++";
				CLANG_ENABLE_MODULES = YES;
				CLANG_ENABLE_OBJC_ARC = YES;
				CLANG_WARN_BLOCK_CAPTURE_AUTORELEASING = YES;
				CLANG_WARN_BOOL_CONVERSION = YES;
				CLANG_WARN_COMMA = YES;
				CLANG_WARN_CONSTANT_CONVERSION = YES;
				CLANG_WARN_DEPRECATED_OBJC_IMPLEMENTATIONS = YES;
				CLANG_WARN_DIRECT_OBJC_ISA_USAGE = YES_ERROR;
				CLANG_WARN_DOCUMENTATION_COMMENTS = YES;
				CLANG_WARN_EMPTY_BODY = YES;
				CLANG_WARN_ENUM_CONVERSION = YES;
				CLANG_WARN_INFINITE_RECURSION = YES;
				CLANG_WARN_INT_CONVERSION = YES;
				CLANG_WARN_NON_LITERAL_NULL_CONVERSION = YES;
				CLANG_WARN_OBJC_IMPLICIT_RETAIN_SELF = YES;
				CLANG_WARN_OBJC_LITERAL_CONVERSION = YES;
				CLANG_WARN_OBJC_ROOT_CLASS = YES_ERROR;
				CLANG_WARN_QUOTED_INCLUDE_IN_FRAMEWORK_HEADER = YES;
				CLANG_WARN_RANGE_LOOP_ANALYSIS = YES;
				CLANG_WARN_STRICT_PROTOTYPES = YES;
				CLANG_WARN_SUSPICIOUS_MOVE = YES;
				CLANG_WARN_UNREACHABLE_CODE = YES;
				CLANG_WARN__DUPLICATE_METHOD_MATCH = YES;
				"CODE_SIGN_IDENTITY[sdk=iphoneos*]" = "iPhone Developer";
				COPY_PHASE_STRIP = NO;
				DEBUG_INFORMATION_FORMAT = dwarf;
				ENABLE_STRICT_OBJC_MSGSEND = YES;
				ENABLE_TESTABILITY = YES;
				GCC_C_LANGUAGE_STANDARD = gnu99;
				GCC_DYNAMIC_NO_PIC = NO;
				GCC_NO_COMMON_BLOCKS = YES;
				GCC_OPTIMIZATION_LEVEL = 0;
				GCC_PREPROCESSOR_DEFINITIONS = (
					"DEBUG=1",
					"$(inherited)",
				);
				GCC_WARN_64_TO_32_BIT_CONVERSION = YES;
				GCC_WARN_ABOUT_RETURN_TYPE = YES_ERROR;
				GCC_WARN_UNDECLARED_SELECTOR = YES;
				GCC_WARN_UNINITIALIZED_AUTOS = YES_AGGRESSIVE;
				GCC_WARN_UNUSED_FUNCTION = YES;
				GCC_WARN_UNUSED_VARIABLE = YES;
				IPHONEOS_DEPLOYMENT_TARGET = 12.0;
				MTL_ENABLE_DEBUG_INFO = YES;
				ONLY_ACTIVE_ARCH = YES;
				SDKROOT = iphoneos;
				TARGETED_DEVICE_FAMILY = "1,2";
			};
			name = Debug;
		};
		BC3E50721F5CDDC3002E40D6 /* Release */ = {
			isa = XCBuildConfiguration;
			buildSettings = {
				ALWAYS_SEARCH_USER_PATHS = NO;
				CLANG_ANALYZER_NONNULL = YES;
				CLANG_CXX_LANGUAGE_STANDARD = "gnu++0x";
				CLANG_CXX_LIBRARY = "libc++";
				CLANG_ENABLE_MODULES = YES;
				CLANG_ENABLE_OBJC_ARC = YES;
				CLANG_WARN_BLOCK_CAPTURE_AUTORELEASING = YES;
				CLANG_WARN_BOOL_CONVERSION = YES;
				CLANG_WARN_COMMA = YES;
				CLANG_WARN_CONSTANT_CONVERSION = YES;
				CLANG_WARN_DEPRECATED_OBJC_IMPLEMENTATIONS = YES;
				CLANG_WARN_DIRECT_OBJC_ISA_USAGE = YES_ERROR;
				CLANG_WARN_DOCUMENTATION_COMMENTS = YES;
				CLANG_WARN_EMPTY_BODY = YES;
				CLANG_WARN_ENUM_CONVERSION = YES;
				CLANG_WARN_INFINITE_RECURSION = YES;
				CLANG_WARN_INT_CONVERSION = YES;
				CLANG_WARN_NON_LITERAL_NULL_CONVERSION = YES;
				CLANG_WARN_OBJC_IMPLICIT_RETAIN_SELF = YES;
				CLANG_WARN_OBJC_LITERAL_CONVERSION = YES;
				CLANG_WARN_OBJC_ROOT_CLASS = YES_ERROR;
				CLANG_WARN_QUOTED_INCLUDE_IN_FRAMEWORK_HEADER = YES;
				CLANG_WARN_RANGE_LOOP_ANALYSIS = YES;
				CLANG_WARN_STRICT_PROTOTYPES = YES;
				CLANG_WARN_SUSPICIOUS_MOVE = YES;
				CLANG_WARN_UNREACHABLE_CODE = YES;
				CLANG_WARN__DUPLICATE_METHOD_MATCH = YES;
				"CODE_SIGN_IDENTITY[sdk=iphoneos*]" = "iPhone Developer";
				COPY_PHASE_STRIP = NO;
				DEBUG_INFORMATION_FORMAT = "dwarf-with-dsym";
				ENABLE_NS_ASSERTIONS = NO;
				ENABLE_STRICT_OBJC_MSGSEND = YES;
				GCC_C_LANGUAGE_STANDARD = gnu99;
				GCC_NO_COMMON_BLOCKS = YES;
				GCC_WARN_64_TO_32_BIT_CONVERSION = YES;
				GCC_WARN_ABOUT_RETURN_TYPE = YES_ERROR;
				GCC_WARN_UNDECLARED_SELECTOR = YES;
				GCC_WARN_UNINITIALIZED_AUTOS = YES_AGGRESSIVE;
				GCC_WARN_UNUSED_FUNCTION = YES;
				GCC_WARN_UNUSED_VARIABLE = YES;
				IPHONEOS_DEPLOYMENT_TARGET = 12.0;
				MTL_ENABLE_DEBUG_INFO = NO;
				SDKROOT = iphoneos;
				TARGETED_DEVICE_FAMILY = "1,2";
				VALIDATE_PRODUCT = YES;
			};
			name = Release;
		};
		BC3E50741F5CDDC3002E40D6 /* Debug */ = {
			isa = XCBuildConfiguration;
			buildSettings = {
				ASSETCATALOG_COMPILER_APPICON_NAME = AppIcon;
				INFOPLIST_FILE = GSPromiseDev/Info.plist;
				IPHONEOS_DEPLOYMENT_TARGET = 12.0;
				LD_RUNPATH_SEARCH_PATHS = "$(inherited) @executable_path/Frameworks";
				PRODUCT_BUNDLE_IDENTIFIER = com.printer.TestGSPromise;
				PRODUCT_NAME = "$(TARGET_NAME)";
			};
			name = Debug;
		};
		BC3E50751F5CDDC3002E40D6 /* Release */ = {
			isa = XCBuildConfiguration;
			buildSettings = {
				ASSETCATALOG_COMPILER_APPICON_NAME = AppIcon;
				INFOPLIST_FILE = GSPromiseDev/Info.plist;
				IPHONEOS_DEPLOYMENT_TARGET = 12.0;
				LD_RUNPATH_SEARCH_PATHS = "$(inherited) @executable_path/Frameworks";
				PRODUCT_BUNDLE_IDENTIFIER = com.printer.TestGSPromise;
				PRODUCT_NAME = "$(TARGET_NAME)";
			};
			name = Release;
		};
/* End XCBuildConfiguration section */

/* Begin XCConfigurationList section */
		BC3E50571F5CDDC1002E40D6 /* Build configuration list for PBXProject "GSPromiseDev" */ = {
			isa = XCConfigurationList;
			buildConfigurations = (
				BC3E50711F5CDDC3002E40D6 /* Debug */,
				BC3E50721F5CDDC3002E40D6 /* Release */,
			);
			defaultConfigurationIsVisible = 0;
			defaultConfigurationName = Release;
		};
		BC3E50731F5CDDC3002E40D6 /* Build configuration list for PBXNativeTarget "GSPromiseDev" */ = {
			isa = XCConfigurationList;
			buildConfigurations = (
				BC3E50741F5CDDC3002E40D6 /* Debug */,
				BC3E50751F5CDDC3002E40D6 /* Release */,
			);
			defaultConfigurationIsVisible = 0;
			defaultConfigurationName = Release;
		};
/* End XCConfigurationList section */
	};
	rootObject = BC3E50541F5CDDC1002E40D6 /* Project object */;
}
